// !$*UTF8*$!
{
	archiveVersion = 1;
	classes = {
	};
	objectVersion = 46;
	objects = {

/* Begin PBXBuildFile section */
		60015EBE1C3D3B2C0095620B /* case_with_applied_modifiers.dae in Resources */ = {isa = PBXBuildFile; fileRef = 60015EBD1C3D3B2C0095620B /* case_with_applied_modifiers.dae */; };
		600B48491BF4E57E00A18134 /* ImageViewController.swift in Sources */ = {isa = PBXBuildFile; fileRef = 600B48481BF4E57E00A18134 /* ImageViewController.swift */; };
		600C74921C6B935600A35A7A /* AFHTTPSessionManager.m in Sources */ = {isa = PBXBuildFile; fileRef = 600C74861C6B935600A35A7A /* AFHTTPSessionManager.m */; };
		600C74931C6B935600A35A7A /* AFNetworkReachabilityManager.m in Sources */ = {isa = PBXBuildFile; fileRef = 600C74891C6B935600A35A7A /* AFNetworkReachabilityManager.m */; };
		600C74941C6B935600A35A7A /* AFSecurityPolicy.m in Sources */ = {isa = PBXBuildFile; fileRef = 600C748B1C6B935600A35A7A /* AFSecurityPolicy.m */; };
		600C74951C6B935600A35A7A /* AFURLRequestSerialization.m in Sources */ = {isa = PBXBuildFile; fileRef = 600C748D1C6B935600A35A7A /* AFURLRequestSerialization.m */; };
		600C74961C6B935600A35A7A /* AFURLResponseSerialization.m in Sources */ = {isa = PBXBuildFile; fileRef = 600C748F1C6B935600A35A7A /* AFURLResponseSerialization.m */; };
		600C74971C6B935600A35A7A /* AFURLSessionManager.m in Sources */ = {isa = PBXBuildFile; fileRef = 600C74911C6B935600A35A7A /* AFURLSessionManager.m */; };
		6010EF3F1C384DA9009C64F6 /* iphone6templateEdited.png in Resources */ = {isa = PBXBuildFile; fileRef = 6010EF3E1C384DA9009C64F6 /* iphone6templateEdited.png */; };
		602931591C465D860046E0DB /* case_with_applied_modifiers_V3-3.dae in Resources */ = {isa = PBXBuildFile; fileRef = 602931581C465D860046E0DB /* case_with_applied_modifiers_V3-3.dae */; };
		604579F31C04BB760072D05C /* 1.jpg in Resources */ = {isa = PBXBuildFile; fileRef = 604579F21C04BB760072D05C /* 1.jpg */; };
		604579F51C04DB230072D05C /* 04.jpg in Resources */ = {isa = PBXBuildFile; fileRef = 604579F41C04DB230072D05C /* 04.jpg */; };
		604E2D631BF23A45004054D5 /* dog.jpg in Resources */ = {isa = PBXBuildFile; fileRef = 604E2D621BF23A45004054D5 /* dog.jpg */; };
		604E2D671BF281E8004054D5 /* Diffuse Screen.jpg in Resources */ = {isa = PBXBuildFile; fileRef = 604E2D661BF281E8004054D5 /* Diffuse Screen.jpg */; };
		606422D01C40321300095AD6 /* case_with_applied_modifiers_V2.dae in Resources */ = {isa = PBXBuildFile; fileRef = 606422CF1C40321300095AD6 /* case_with_applied_modifiers_V2.dae */; };
		606422D31C42A1D900095AD6 /* case_with_applied_modifiers_V2-2.dae in Resources */ = {isa = PBXBuildFile; fileRef = 606422D21C42A1D900095AD6 /* case_with_applied_modifiers_V2-2.dae */; };
		606F75941C0C6ABA00F3DFA4 /* MainViewController.swift in Sources */ = {isa = PBXBuildFile; fileRef = 606F75931C0C6ABA00F3DFA4 /* MainViewController.swift */; };
		606FEFD71D252AB80020EFB5 /* iPhone6Plus.dae in Resources */ = {isa = PBXBuildFile; fileRef = 606FEFD61D252AB80020EFB5 /* iPhone6Plus.dae */; };
		606FEFD91D252B8D0020EFB5 /* iPhone6.dae in Resources */ = {isa = PBXBuildFile; fileRef = 606FEFD81D252B8D0020EFB5 /* iPhone6.dae */; };
		607D01A81BEF614600C4C52B /* iphone-6.jpg in Resources */ = {isa = PBXBuildFile; fileRef = 607D01A71BEF614600C4C52B /* iphone-6.jpg */; };
		609A0D8A1C00E8C2002A18D7 /* UIImage+Scaling.swift in Sources */ = {isa = PBXBuildFile; fileRef = 609A0D891C00E8C2002A18D7 /* UIImage+Scaling.swift */; };
		60A08E201D217E7400A5B562 /* UserDetailsViewController.swift in Sources */ = {isa = PBXBuildFile; fileRef = 60A08E1F1D217E7400A5B562 /* UserDetailsViewController.swift */; };
		60ABA2EC1C1C732A00630B83 /* Diffuse Screen 134x80mm.jpg in Resources */ = {isa = PBXBuildFile; fileRef = 60ABA2EB1C1C732A00630B83 /* Diffuse Screen 134x80mm.jpg */; };
		60ACA7701C05B936009291D6 /* ShippingViewController.swift in Sources */ = {isa = PBXBuildFile; fileRef = 60ACA76F1C05B936009291D6 /* ShippingViewController.swift */; };
		60BB27271C57ACF4004B3534 /* AkiraTextField.swift in Sources */ = {isa = PBXBuildFile; fileRef = 60BB271B1C57ACF4004B3534 /* AkiraTextField.swift */; };
		60BB27281C57ACF4004B3534 /* HoshiTextField.swift in Sources */ = {isa = PBXBuildFile; fileRef = 60BB271C1C57ACF4004B3534 /* HoshiTextField.swift */; };
		60BB27291C57ACF4004B3534 /* Info.plist in Resources */ = {isa = PBXBuildFile; fileRef = 60BB271D1C57ACF4004B3534 /* Info.plist */; };
		60BB272A1C57ACF4004B3534 /* IsaoTextField.swift in Sources */ = {isa = PBXBuildFile; fileRef = 60BB271E1C57ACF4004B3534 /* IsaoTextField.swift */; };
		60BB272B1C57ACF4004B3534 /* JiroTextField.swift in Sources */ = {isa = PBXBuildFile; fileRef = 60BB271F1C57ACF4004B3534 /* JiroTextField.swift */; };
		60BB272C1C57ACF4004B3534 /* KaedeTextField.swift in Sources */ = {isa = PBXBuildFile; fileRef = 60BB27201C57ACF4004B3534 /* KaedeTextField.swift */; };
		60BB272D1C57ACF4004B3534 /* MadokaTextField.swift in Sources */ = {isa = PBXBuildFile; fileRef = 60BB27211C57ACF4004B3534 /* MadokaTextField.swift */; };
		60BB272E1C57ACF4004B3534 /* MinoruTextField.swift in Sources */ = {isa = PBXBuildFile; fileRef = 60BB27221C57ACF4004B3534 /* MinoruTextField.swift */; };
		60BB272F1C57ACF4004B3534 /* TextFieldsEffects.swift in Sources */ = {isa = PBXBuildFile; fileRef = 60BB27241C57ACF4004B3534 /* TextFieldsEffects.swift */; };
		60BB27301C57ACF4004B3534 /* YokoTextField.swift in Sources */ = {isa = PBXBuildFile; fileRef = 60BB27251C57ACF4004B3534 /* YokoTextField.swift */; };
		60BB27311C57ACF4004B3534 /* YoshikoTextField.swift in Sources */ = {isa = PBXBuildFile; fileRef = 60BB27261C57ACF4004B3534 /* YoshikoTextField.swift */; };
		60C7B1201C0CAE7400C5489A /* libPayPalMobile.a in Frameworks */ = {isa = PBXBuildFile; fileRef = 60C7B1181C0CAE7400C5489A /* libPayPalMobile.a */; };
		60C7B12D1C0CAE8F00C5489A /* libCardIO.a in Frameworks */ = {isa = PBXBuildFile; fileRef = 60C7B12A1C0CAE8F00C5489A /* libCardIO.a */; };
		60C7B12E1C0CAE8F00C5489A /* libopencv_core.a in Frameworks */ = {isa = PBXBuildFile; fileRef = 60C7B12B1C0CAE8F00C5489A /* libopencv_core.a */; };
		60C7B12F1C0CAE8F00C5489A /* libopencv_imgproc.a in Frameworks */ = {isa = PBXBuildFile; fileRef = 60C7B12C1C0CAE8F00C5489A /* libopencv_imgproc.a */; };
		60C7B1311C0CB00C00C5489A /* Accelerate.framework in Frameworks */ = {isa = PBXBuildFile; fileRef = 60C7B1301C0CB00C00C5489A /* Accelerate.framework */; };
		60C7B1331C0CB01100C5489A /* AudioToolbox.framework in Frameworks */ = {isa = PBXBuildFile; fileRef = 60C7B1321C0CB01100C5489A /* AudioToolbox.framework */; };
		60C7B1351C0CB01700C5489A /* AVFoundation.framework in Frameworks */ = {isa = PBXBuildFile; fileRef = 60C7B1341C0CB01700C5489A /* AVFoundation.framework */; };
		60C7B1371C0CB01E00C5489A /* CoreLocation.framework in Frameworks */ = {isa = PBXBuildFile; fileRef = 60C7B1361C0CB01E00C5489A /* CoreLocation.framework */; };
		60C7B1391C0CB02500C5489A /* CoreMedia.framework in Frameworks */ = {isa = PBXBuildFile; fileRef = 60C7B1381C0CB02500C5489A /* CoreMedia.framework */; };
		60C7B13B1C0CB02B00C5489A /* MessageUI.framework in Frameworks */ = {isa = PBXBuildFile; fileRef = 60C7B13A1C0CB02B00C5489A /* MessageUI.framework */; };
		60C7B13D1C0CB03200C5489A /* MobileCoreServices.framework in Frameworks */ = {isa = PBXBuildFile; fileRef = 60C7B13C1C0CB03200C5489A /* MobileCoreServices.framework */; };
		60C7B13F1C0CB03B00C5489A /* SystemConfiguration.framework in Frameworks */ = {isa = PBXBuildFile; fileRef = 60C7B13E1C0CB03B00C5489A /* SystemConfiguration.framework */; };
		60C7B1411C0CB04200C5489A /* SafariServices.framework in Frameworks */ = {isa = PBXBuildFile; fileRef = 60C7B1401C0CB04200C5489A /* SafariServices.framework */; };
		60DF176F1C03698B0044ADA6 /* UIView+ImageCapture.swift in Sources */ = {isa = PBXBuildFile; fileRef = 60DF176E1C03698B0044ADA6 /* UIView+ImageCapture.swift */; };
		60DF17711C036DCF0044ADA6 /* EditedImageViewController.swift in Sources */ = {isa = PBXBuildFile; fileRef = 60DF17701C036DCF0044ADA6 /* EditedImageViewController.swift */; };
		60E408AD1C7B72B300437BD8 /* ShippingSummaryViewController.swift in Sources */ = {isa = PBXBuildFile; fileRef = 60E408AC1C7B72B300437BD8 /* ShippingSummaryViewController.swift */; };
		60EA6EBC1C6B6FAB005FC79E /* SVIndefiniteAnimatedView.m in Sources */ = {isa = PBXBuildFile; fileRef = 60EA6EB51C6B6FAB005FC79E /* SVIndefiniteAnimatedView.m */; };
		60EA6EBD1C6B6FAB005FC79E /* SVProgressHUD.bundle in Resources */ = {isa = PBXBuildFile; fileRef = 60EA6EB71C6B6FAB005FC79E /* SVProgressHUD.bundle */; };
		60EA6EBE1C6B6FAB005FC79E /* SVProgressHUD.m in Sources */ = {isa = PBXBuildFile; fileRef = 60EA6EB91C6B6FAB005FC79E /* SVProgressHUD.m */; };
		60EA6EBF1C6B6FAB005FC79E /* SVRadialGradientLayer.m in Sources */ = {isa = PBXBuildFile; fileRef = 60EA6EBB1C6B6FAB005FC79E /* SVRadialGradientLayer.m */; };
		80EE09C0196A4C4A00B77AB0 /* AppDelegate.swift in Sources */ = {isa = PBXBuildFile; fileRef = 80EE09BF196A4C4A00B77AB0 /* AppDelegate.swift */; };
		80EE09C5196A4C4A00B77AB0 /* Main.storyboard in Resources */ = {isa = PBXBuildFile; fileRef = 80EE09C3196A4C4A00B77AB0 /* Main.storyboard */; };
		80EE09C7196A4C4A00B77AB0 /* Images.xcassets in Resources */ = {isa = PBXBuildFile; fileRef = 80EE09C6196A4C4A00B77AB0 /* Images.xcassets */; };
		80EE09D3196A4C4A00B77AB0 /* CarbonVisualizerTests.swift in Sources */ = {isa = PBXBuildFile; fileRef = 80EE09D2196A4C4A00B77AB0 /* CarbonVisualizerTests.swift */; };
		80EE09DD196A4C8B00B77AB0 /* CaseModelViewController.swift in Sources */ = {isa = PBXBuildFile; fileRef = 80EE09DC196A4C8B00B77AB0 /* CaseModelViewController.swift */; };
/* End PBXBuildFile section */

/* Begin PBXContainerItemProxy section */
		80EE09CD196A4C4A00B77AB0 /* PBXContainerItemProxy */ = {
			isa = PBXContainerItemProxy;
			containerPortal = 80EE09B2196A4C4A00B77AB0 /* Project object */;
			proxyType = 1;
			remoteGlobalIDString = 80EE09B9196A4C4A00B77AB0;
			remoteInfo = CarbonVisualizer;
		};
/* End PBXContainerItemProxy section */

/* Begin PBXFileReference section */
		0B8E884E099537AC73E7D035 /* Pods-PhoneFashionApp.release.xcconfig */ = {isa = PBXFileReference; includeInIndex = 1; lastKnownFileType = text.xcconfig; name = "Pods-PhoneFashionApp.release.xcconfig"; path = "Pods/Target Support Files/Pods-PhoneFashionApp/Pods-PhoneFashionApp.release.xcconfig"; sourceTree = "<group>"; };
		1FA76708A3F2CA9AE29B70E2 /* libPods-PhoneFashionApp.a */ = {isa = PBXFileReference; explicitFileType = archive.ar; includeInIndex = 0; path = "libPods-PhoneFashionApp.a"; sourceTree = BUILT_PRODUCTS_DIR; };
		60015EBD1C3D3B2C0095620B /* case_with_applied_modifiers.dae */ = {isa = PBXFileReference; fileEncoding = 4; lastKnownFileType = text.xml.dae; path = case_with_applied_modifiers.dae; sourceTree = "<group>"; };
		600B48481BF4E57E00A18134 /* ImageViewController.swift */ = {isa = PBXFileReference; fileEncoding = 4; lastKnownFileType = sourcecode.swift; path = ImageViewController.swift; sourceTree = "<group>"; };
		600C74851C6B935600A35A7A /* AFHTTPSessionManager.h */ = {isa = PBXFileReference; fileEncoding = 4; lastKnownFileType = sourcecode.c.h; path = AFHTTPSessionManager.h; sourceTree = "<group>"; };
		600C74861C6B935600A35A7A /* AFHTTPSessionManager.m */ = {isa = PBXFileReference; fileEncoding = 4; lastKnownFileType = sourcecode.c.objc; path = AFHTTPSessionManager.m; sourceTree = "<group>"; };
		600C74871C6B935600A35A7A /* AFNetworking.h */ = {isa = PBXFileReference; fileEncoding = 4; lastKnownFileType = sourcecode.c.h; path = AFNetworking.h; sourceTree = "<group>"; };
		600C74881C6B935600A35A7A /* AFNetworkReachabilityManager.h */ = {isa = PBXFileReference; fileEncoding = 4; lastKnownFileType = sourcecode.c.h; path = AFNetworkReachabilityManager.h; sourceTree = "<group>"; };
		600C74891C6B935600A35A7A /* AFNetworkReachabilityManager.m */ = {isa = PBXFileReference; fileEncoding = 4; lastKnownFileType = sourcecode.c.objc; path = AFNetworkReachabilityManager.m; sourceTree = "<group>"; };
		600C748A1C6B935600A35A7A /* AFSecurityPolicy.h */ = {isa = PBXFileReference; fileEncoding = 4; lastKnownFileType = sourcecode.c.h; path = AFSecurityPolicy.h; sourceTree = "<group>"; };
		600C748B1C6B935600A35A7A /* AFSecurityPolicy.m */ = {isa = PBXFileReference; fileEncoding = 4; lastKnownFileType = sourcecode.c.objc; path = AFSecurityPolicy.m; sourceTree = "<group>"; };
		600C748C1C6B935600A35A7A /* AFURLRequestSerialization.h */ = {isa = PBXFileReference; fileEncoding = 4; lastKnownFileType = sourcecode.c.h; path = AFURLRequestSerialization.h; sourceTree = "<group>"; };
		600C748D1C6B935600A35A7A /* AFURLRequestSerialization.m */ = {isa = PBXFileReference; fileEncoding = 4; lastKnownFileType = sourcecode.c.objc; path = AFURLRequestSerialization.m; sourceTree = "<group>"; };
		600C748E1C6B935600A35A7A /* AFURLResponseSerialization.h */ = {isa = PBXFileReference; fileEncoding = 4; lastKnownFileType = sourcecode.c.h; path = AFURLResponseSerialization.h; sourceTree = "<group>"; };
		600C748F1C6B935600A35A7A /* AFURLResponseSerialization.m */ = {isa = PBXFileReference; fileEncoding = 4; lastKnownFileType = sourcecode.c.objc; path = AFURLResponseSerialization.m; sourceTree = "<group>"; };
		600C74901C6B935600A35A7A /* AFURLSessionManager.h */ = {isa = PBXFileReference; fileEncoding = 4; lastKnownFileType = sourcecode.c.h; path = AFURLSessionManager.h; sourceTree = "<group>"; };
		600C74911C6B935600A35A7A /* AFURLSessionManager.m */ = {isa = PBXFileReference; fileEncoding = 4; lastKnownFileType = sourcecode.c.objc; path = AFURLSessionManager.m; sourceTree = "<group>"; };
		6010EF3E1C384DA9009C64F6 /* iphone6templateEdited.png */ = {isa = PBXFileReference; lastKnownFileType = image.png; name = iphone6templateEdited.png; path = PayPalMobile/iphone6templateEdited.png; sourceTree = "<group>"; };
		602931581C465D860046E0DB /* case_with_applied_modifiers_V3-3.dae */ = {isa = PBXFileReference; fileEncoding = 4; lastKnownFileType = text.xml.dae; path = "case_with_applied_modifiers_V3-3.dae"; sourceTree = "<group>"; };
		604579F21C04BB760072D05C /* 1.jpg */ = {isa = PBXFileReference; lastKnownFileType = image.jpeg; path = 1.jpg; sourceTree = "<group>"; };
		604579F41C04DB230072D05C /* 04.jpg */ = {isa = PBXFileReference; lastKnownFileType = image.jpeg; path = 04.jpg; sourceTree = "<group>"; };
		604E2D621BF23A45004054D5 /* dog.jpg */ = {isa = PBXFileReference; lastKnownFileType = image.jpeg; path = dog.jpg; sourceTree = "<group>"; };
		604E2D661BF281E8004054D5 /* Diffuse Screen.jpg */ = {isa = PBXFileReference; lastKnownFileType = image.jpeg; path = "Diffuse Screen.jpg"; sourceTree = "<group>"; };
		606422CF1C40321300095AD6 /* case_with_applied_modifiers_V2.dae */ = {isa = PBXFileReference; fileEncoding = 4; lastKnownFileType = text.xml.dae; path = case_with_applied_modifiers_V2.dae; sourceTree = "<group>"; };
		606422D21C42A1D900095AD6 /* case_with_applied_modifiers_V2-2.dae */ = {isa = PBXFileReference; fileEncoding = 4; lastKnownFileType = text.xml.dae; name = "case_with_applied_modifiers_V2-2.dae"; path = "../case_with_applied_modifiers_V2-2.dae"; sourceTree = "<group>"; };
		606F75931C0C6ABA00F3DFA4 /* MainViewController.swift */ = {isa = PBXFileReference; fileEncoding = 4; lastKnownFileType = sourcecode.swift; path = MainViewController.swift; sourceTree = "<group>"; };
		606FEFD61D252AB80020EFB5 /* iPhone6Plus.dae */ = {isa = PBXFileReference; fileEncoding = 4; lastKnownFileType = text.xml.dae; path = iPhone6Plus.dae; sourceTree = "<group>"; };
		606FEFD81D252B8D0020EFB5 /* iPhone6.dae */ = {isa = PBXFileReference; fileEncoding = 4; lastKnownFileType = text.xml.dae; path = iPhone6.dae; sourceTree = "<group>"; };
		607D01A71BEF614600C4C52B /* iphone-6.jpg */ = {isa = PBXFileReference; lastKnownFileType = image.jpeg; path = "iphone-6.jpg"; sourceTree = "<group>"; };
		609A0D891C00E8C2002A18D7 /* UIImage+Scaling.swift */ = {isa = PBXFileReference; fileEncoding = 4; lastKnownFileType = sourcecode.swift; path = "UIImage+Scaling.swift"; sourceTree = "<group>"; };
		60A08E1F1D217E7400A5B562 /* UserDetailsViewController.swift */ = {isa = PBXFileReference; fileEncoding = 4; lastKnownFileType = sourcecode.swift; path = UserDetailsViewController.swift; sourceTree = "<group>"; };
		60ABA2EB1C1C732A00630B83 /* Diffuse Screen 134x80mm.jpg */ = {isa = PBXFileReference; lastKnownFileType = image.jpeg; path = "Diffuse Screen 134x80mm.jpg"; sourceTree = "<group>"; };
		60ACA76F1C05B936009291D6 /* ShippingViewController.swift */ = {isa = PBXFileReference; fileEncoding = 4; lastKnownFileType = sourcecode.swift; path = ShippingViewController.swift; sourceTree = "<group>"; };
		60BB271B1C57ACF4004B3534 /* AkiraTextField.swift */ = {isa = PBXFileReference; fileEncoding = 4; lastKnownFileType = sourcecode.swift; path = AkiraTextField.swift; sourceTree = "<group>"; };
		60BB271C1C57ACF4004B3534 /* HoshiTextField.swift */ = {isa = PBXFileReference; fileEncoding = 4; lastKnownFileType = sourcecode.swift; path = HoshiTextField.swift; sourceTree = "<group>"; };
		60BB271D1C57ACF4004B3534 /* Info.plist */ = {isa = PBXFileReference; fileEncoding = 4; lastKnownFileType = text.plist.xml; path = Info.plist; sourceTree = "<group>"; };
		60BB271E1C57ACF4004B3534 /* IsaoTextField.swift */ = {isa = PBXFileReference; fileEncoding = 4; lastKnownFileType = sourcecode.swift; path = IsaoTextField.swift; sourceTree = "<group>"; };
		60BB271F1C57ACF4004B3534 /* JiroTextField.swift */ = {isa = PBXFileReference; fileEncoding = 4; lastKnownFileType = sourcecode.swift; path = JiroTextField.swift; sourceTree = "<group>"; };
		60BB27201C57ACF4004B3534 /* KaedeTextField.swift */ = {isa = PBXFileReference; fileEncoding = 4; lastKnownFileType = sourcecode.swift; path = KaedeTextField.swift; sourceTree = "<group>"; };
		60BB27211C57ACF4004B3534 /* MadokaTextField.swift */ = {isa = PBXFileReference; fileEncoding = 4; lastKnownFileType = sourcecode.swift; path = MadokaTextField.swift; sourceTree = "<group>"; };
		60BB27221C57ACF4004B3534 /* MinoruTextField.swift */ = {isa = PBXFileReference; fileEncoding = 4; lastKnownFileType = sourcecode.swift; path = MinoruTextField.swift; sourceTree = "<group>"; };
		60BB27231C57ACF4004B3534 /* TextFieldEffects.h */ = {isa = PBXFileReference; fileEncoding = 4; lastKnownFileType = sourcecode.c.h; path = TextFieldEffects.h; sourceTree = "<group>"; };
		60BB27241C57ACF4004B3534 /* TextFieldsEffects.swift */ = {isa = PBXFileReference; fileEncoding = 4; lastKnownFileType = sourcecode.swift; path = TextFieldsEffects.swift; sourceTree = "<group>"; };
		60BB27251C57ACF4004B3534 /* YokoTextField.swift */ = {isa = PBXFileReference; fileEncoding = 4; lastKnownFileType = sourcecode.swift; path = YokoTextField.swift; sourceTree = "<group>"; };
		60BB27261C57ACF4004B3534 /* YoshikoTextField.swift */ = {isa = PBXFileReference; fileEncoding = 4; lastKnownFileType = sourcecode.swift; path = YoshikoTextField.swift; sourceTree = "<group>"; };
		60C7B1181C0CAE7400C5489A /* libPayPalMobile.a */ = {isa = PBXFileReference; lastKnownFileType = archive.ar; path = libPayPalMobile.a; sourceTree = "<group>"; };
		60C7B1191C0CAE7400C5489A /* PayPalConfiguration.h */ = {isa = PBXFileReference; fileEncoding = 4; lastKnownFileType = sourcecode.c.h; path = PayPalConfiguration.h; sourceTree = "<group>"; };
		60C7B11A1C0CAE7400C5489A /* PayPalFuturePaymentViewController.h */ = {isa = PBXFileReference; fileEncoding = 4; lastKnownFileType = sourcecode.c.h; path = PayPalFuturePaymentViewController.h; sourceTree = "<group>"; };
		60C7B11B1C0CAE7400C5489A /* PayPalMobile.h */ = {isa = PBXFileReference; fileEncoding = 4; lastKnownFileType = sourcecode.c.h; path = PayPalMobile.h; sourceTree = "<group>"; };
		60C7B11C1C0CAE7400C5489A /* PayPalOAuthScopes.h */ = {isa = PBXFileReference; fileEncoding = 4; lastKnownFileType = sourcecode.c.h; path = PayPalOAuthScopes.h; sourceTree = "<group>"; };
		60C7B11D1C0CAE7400C5489A /* PayPalPayment.h */ = {isa = PBXFileReference; fileEncoding = 4; lastKnownFileType = sourcecode.c.h; path = PayPalPayment.h; sourceTree = "<group>"; };
		60C7B11E1C0CAE7400C5489A /* PayPalPaymentViewController.h */ = {isa = PBXFileReference; fileEncoding = 4; lastKnownFileType = sourcecode.c.h; path = PayPalPaymentViewController.h; sourceTree = "<group>"; };
		60C7B11F1C0CAE7400C5489A /* PayPalProfileSharingViewController.h */ = {isa = PBXFileReference; fileEncoding = 4; lastKnownFileType = sourcecode.c.h; path = PayPalProfileSharingViewController.h; sourceTree = "<group>"; };
		60C7B1221C0CAE8F00C5489A /* CardIO.h */ = {isa = PBXFileReference; fileEncoding = 4; lastKnownFileType = sourcecode.c.h; path = CardIO.h; sourceTree = "<group>"; };
		60C7B1231C0CAE8F00C5489A /* CardIOCreditCardInfo.h */ = {isa = PBXFileReference; fileEncoding = 4; lastKnownFileType = sourcecode.c.h; path = CardIOCreditCardInfo.h; sourceTree = "<group>"; };
		60C7B1241C0CAE8F00C5489A /* CardIODetectionMode.h */ = {isa = PBXFileReference; fileEncoding = 4; lastKnownFileType = sourcecode.c.h; path = CardIODetectionMode.h; sourceTree = "<group>"; };
		60C7B1251C0CAE8F00C5489A /* CardIOPaymentViewController.h */ = {isa = PBXFileReference; fileEncoding = 4; lastKnownFileType = sourcecode.c.h; path = CardIOPaymentViewController.h; sourceTree = "<group>"; };
		60C7B1261C0CAE8F00C5489A /* CardIOPaymentViewControllerDelegate.h */ = {isa = PBXFileReference; fileEncoding = 4; lastKnownFileType = sourcecode.c.h; path = CardIOPaymentViewControllerDelegate.h; sourceTree = "<group>"; };
		60C7B1271C0CAE8F00C5489A /* CardIOUtilities.h */ = {isa = PBXFileReference; fileEncoding = 4; lastKnownFileType = sourcecode.c.h; path = CardIOUtilities.h; sourceTree = "<group>"; };
		60C7B1281C0CAE8F00C5489A /* CardIOView.h */ = {isa = PBXFileReference; fileEncoding = 4; lastKnownFileType = sourcecode.c.h; path = CardIOView.h; sourceTree = "<group>"; };
		60C7B1291C0CAE8F00C5489A /* CardIOViewDelegate.h */ = {isa = PBXFileReference; fileEncoding = 4; lastKnownFileType = sourcecode.c.h; path = CardIOViewDelegate.h; sourceTree = "<group>"; };
		60C7B12A1C0CAE8F00C5489A /* libCardIO.a */ = {isa = PBXFileReference; lastKnownFileType = archive.ar; path = libCardIO.a; sourceTree = "<group>"; };
		60C7B12B1C0CAE8F00C5489A /* libopencv_core.a */ = {isa = PBXFileReference; lastKnownFileType = archive.ar; path = libopencv_core.a; sourceTree = "<group>"; };
		60C7B12C1C0CAE8F00C5489A /* libopencv_imgproc.a */ = {isa = PBXFileReference; lastKnownFileType = archive.ar; path = libopencv_imgproc.a; sourceTree = "<group>"; };
		60C7B1301C0CB00C00C5489A /* Accelerate.framework */ = {isa = PBXFileReference; lastKnownFileType = wrapper.framework; name = Accelerate.framework; path = System/Library/Frameworks/Accelerate.framework; sourceTree = SDKROOT; };
		60C7B1321C0CB01100C5489A /* AudioToolbox.framework */ = {isa = PBXFileReference; lastKnownFileType = wrapper.framework; name = AudioToolbox.framework; path = System/Library/Frameworks/AudioToolbox.framework; sourceTree = SDKROOT; };
		60C7B1341C0CB01700C5489A /* AVFoundation.framework */ = {isa = PBXFileReference; lastKnownFileType = wrapper.framework; name = AVFoundation.framework; path = System/Library/Frameworks/AVFoundation.framework; sourceTree = SDKROOT; };
		60C7B1361C0CB01E00C5489A /* CoreLocation.framework */ = {isa = PBXFileReference; lastKnownFileType = wrapper.framework; name = CoreLocation.framework; path = System/Library/Frameworks/CoreLocation.framework; sourceTree = SDKROOT; };
		60C7B1381C0CB02500C5489A /* CoreMedia.framework */ = {isa = PBXFileReference; lastKnownFileType = wrapper.framework; name = CoreMedia.framework; path = System/Library/Frameworks/CoreMedia.framework; sourceTree = SDKROOT; };
		60C7B13A1C0CB02B00C5489A /* MessageUI.framework */ = {isa = PBXFileReference; lastKnownFileType = wrapper.framework; name = MessageUI.framework; path = System/Library/Frameworks/MessageUI.framework; sourceTree = SDKROOT; };
		60C7B13C1C0CB03200C5489A /* MobileCoreServices.framework */ = {isa = PBXFileReference; lastKnownFileType = wrapper.framework; name = MobileCoreServices.framework; path = System/Library/Frameworks/MobileCoreServices.framework; sourceTree = SDKROOT; };
		60C7B13E1C0CB03B00C5489A /* SystemConfiguration.framework */ = {isa = PBXFileReference; lastKnownFileType = wrapper.framework; name = SystemConfiguration.framework; path = System/Library/Frameworks/SystemConfiguration.framework; sourceTree = SDKROOT; };
		60C7B1401C0CB04200C5489A /* SafariServices.framework */ = {isa = PBXFileReference; lastKnownFileType = wrapper.framework; name = SafariServices.framework; path = System/Library/Frameworks/SafariServices.framework; sourceTree = SDKROOT; };
		60DF176E1C03698B0044ADA6 /* UIView+ImageCapture.swift */ = {isa = PBXFileReference; fileEncoding = 4; lastKnownFileType = sourcecode.swift; path = "UIView+ImageCapture.swift"; sourceTree = "<group>"; };
		60DF17701C036DCF0044ADA6 /* EditedImageViewController.swift */ = {isa = PBXFileReference; fileEncoding = 4; lastKnownFileType = sourcecode.swift; path = EditedImageViewController.swift; sourceTree = "<group>"; };
		60E408AC1C7B72B300437BD8 /* ShippingSummaryViewController.swift */ = {isa = PBXFileReference; fileEncoding = 4; lastKnownFileType = sourcecode.swift; path = ShippingSummaryViewController.swift; sourceTree = "<group>"; };
		60EA6EB41C6B6FAB005FC79E /* SVIndefiniteAnimatedView.h */ = {isa = PBXFileReference; fileEncoding = 4; lastKnownFileType = sourcecode.c.h; path = SVIndefiniteAnimatedView.h; sourceTree = "<group>"; };
		60EA6EB51C6B6FAB005FC79E /* SVIndefiniteAnimatedView.m */ = {isa = PBXFileReference; fileEncoding = 4; lastKnownFileType = sourcecode.c.objc; path = SVIndefiniteAnimatedView.m; sourceTree = "<group>"; };
		60EA6EB61C6B6FAB005FC79E /* SVProgressHUD-Prefix.pch */ = {isa = PBXFileReference; fileEncoding = 4; lastKnownFileType = sourcecode.c.h; path = "SVProgressHUD-Prefix.pch"; sourceTree = "<group>"; };
		60EA6EB71C6B6FAB005FC79E /* SVProgressHUD.bundle */ = {isa = PBXFileReference; lastKnownFileType = "wrapper.plug-in"; path = SVProgressHUD.bundle; sourceTree = "<group>"; };
		60EA6EB81C6B6FAB005FC79E /* SVProgressHUD.h */ = {isa = PBXFileReference; fileEncoding = 4; lastKnownFileType = sourcecode.c.h; path = SVProgressHUD.h; sourceTree = "<group>"; };
		60EA6EB91C6B6FAB005FC79E /* SVProgressHUD.m */ = {isa = PBXFileReference; fileEncoding = 4; lastKnownFileType = sourcecode.c.objc; path = SVProgressHUD.m; sourceTree = "<group>"; };
		60EA6EBA1C6B6FAB005FC79E /* SVRadialGradientLayer.h */ = {isa = PBXFileReference; fileEncoding = 4; lastKnownFileType = sourcecode.c.h; path = SVRadialGradientLayer.h; sourceTree = "<group>"; };
		60EA6EBB1C6B6FAB005FC79E /* SVRadialGradientLayer.m */ = {isa = PBXFileReference; fileEncoding = 4; lastKnownFileType = sourcecode.c.objc; path = SVRadialGradientLayer.m; sourceTree = "<group>"; };
		60EDEEFD1C0DBD8F008AA352 /* PhoneFashionApp-Bridging-Header.h */ = {isa = PBXFileReference; lastKnownFileType = sourcecode.c.h; path = "PhoneFashionApp-Bridging-Header.h"; sourceTree = "<group>"; };
		60EDEF001C0DBFDA008AA352 /* ZZAppDelegate.h */ = {isa = PBXFileReference; lastKnownFileType = sourcecode.c.h; path = ZZAppDelegate.h; sourceTree = "<group>"; };
		80EE09BA196A4C4A00B77AB0 /* PhoneFashionApp.app */ = {isa = PBXFileReference; explicitFileType = wrapper.application; includeInIndex = 0; path = PhoneFashionApp.app; sourceTree = BUILT_PRODUCTS_DIR; };
		80EE09BE196A4C4A00B77AB0 /* Info.plist */ = {isa = PBXFileReference; lastKnownFileType = text.plist.xml; path = Info.plist; sourceTree = "<group>"; };
		80EE09BF196A4C4A00B77AB0 /* AppDelegate.swift */ = {isa = PBXFileReference; lastKnownFileType = sourcecode.swift; path = AppDelegate.swift; sourceTree = "<group>"; };
		80EE09C4196A4C4A00B77AB0 /* Base */ = {isa = PBXFileReference; lastKnownFileType = file.storyboard; name = Base; path = Base.lproj/Main.storyboard; sourceTree = "<group>"; };
		80EE09C6196A4C4A00B77AB0 /* Images.xcassets */ = {isa = PBXFileReference; lastKnownFileType = folder.assetcatalog; path = Images.xcassets; sourceTree = "<group>"; };
		80EE09CC196A4C4A00B77AB0 /* PhoneFashionApp.xctest */ = {isa = PBXFileReference; explicitFileType = wrapper.cfbundle; includeInIndex = 0; path = PhoneFashionApp.xctest; sourceTree = BUILT_PRODUCTS_DIR; };
		80EE09D1196A4C4A00B77AB0 /* Info.plist */ = {isa = PBXFileReference; lastKnownFileType = text.plist.xml; path = Info.plist; sourceTree = "<group>"; };
		80EE09D2196A4C4A00B77AB0 /* CarbonVisualizerTests.swift */ = {isa = PBXFileReference; lastKnownFileType = sourcecode.swift; path = CarbonVisualizerTests.swift; sourceTree = "<group>"; };
		80EE09DC196A4C8B00B77AB0 /* CaseModelViewController.swift */ = {isa = PBXFileReference; fileEncoding = 4; lastKnownFileType = sourcecode.swift; path = CaseModelViewController.swift; sourceTree = "<group>"; };
		B17FBD05D3F1217C9522B199 /* Pods-PhoneFashionApp.debug.xcconfig */ = {isa = PBXFileReference; includeInIndex = 1; lastKnownFileType = text.xcconfig; name = "Pods-PhoneFashionApp.debug.xcconfig"; path = "Pods/Target Support Files/Pods-PhoneFashionApp/Pods-PhoneFashionApp.debug.xcconfig"; sourceTree = "<group>"; };
		E01879E55F063AB972A7603B /* Pods_CarbonVisualizer.framework */ = {isa = PBXFileReference; explicitFileType = wrapper.framework; includeInIndex = 0; path = Pods_CarbonVisualizer.framework; sourceTree = BUILT_PRODUCTS_DIR; };
/* End PBXFileReference section */

/* Begin PBXFrameworksBuildPhase section */
		80EE09B7196A4C4A00B77AB0 /* Frameworks */ = {
			isa = PBXFrameworksBuildPhase;
			buildActionMask = 2147483647;
			files = (
				60C7B1411C0CB04200C5489A /* SafariServices.framework in Frameworks */,
				60C7B13F1C0CB03B00C5489A /* SystemConfiguration.framework in Frameworks */,
				60C7B13D1C0CB03200C5489A /* MobileCoreServices.framework in Frameworks */,
				60C7B13B1C0CB02B00C5489A /* MessageUI.framework in Frameworks */,
				60C7B1391C0CB02500C5489A /* CoreMedia.framework in Frameworks */,
				60C7B1371C0CB01E00C5489A /* CoreLocation.framework in Frameworks */,
				60C7B1351C0CB01700C5489A /* AVFoundation.framework in Frameworks */,
				60C7B1331C0CB01100C5489A /* AudioToolbox.framework in Frameworks */,
				60C7B1311C0CB00C00C5489A /* Accelerate.framework in Frameworks */,
				60C7B12F1C0CAE8F00C5489A /* libopencv_imgproc.a in Frameworks */,
				60C7B1201C0CAE7400C5489A /* libPayPalMobile.a in Frameworks */,
				60C7B12D1C0CAE8F00C5489A /* libCardIO.a in Frameworks */,
				60C7B12E1C0CAE8F00C5489A /* libopencv_core.a in Frameworks */,
			);
			runOnlyForDeploymentPostprocessing = 0;
		};
		80EE09C9196A4C4A00B77AB0 /* Frameworks */ = {
			isa = PBXFrameworksBuildPhase;
			buildActionMask = 2147483647;
			files = (
			);
			runOnlyForDeploymentPostprocessing = 0;
		};
/* End PBXFrameworksBuildPhase section */

/* Begin PBXGroup section */
		54197036F3BE9A3F1FEDB329 /* Pods */ = {
			isa = PBXGroup;
			children = (
				B17FBD05D3F1217C9522B199 /* Pods-PhoneFashionApp.debug.xcconfig */,
				0B8E884E099537AC73E7D035 /* Pods-PhoneFashionApp.release.xcconfig */,
			);
			name = Pods;
			sourceTree = "<group>";
		};
		60015EBB1C3D3A660095620B /* iPhoneModels */ = {
			isa = PBXGroup;
			children = (
				606FEFD61D252AB80020EFB5 /* iPhone6Plus.dae */,
				606FEFD81D252B8D0020EFB5 /* iPhone6.dae */,
				602931581C465D860046E0DB /* case_with_applied_modifiers_V3-3.dae */,
				606422D21C42A1D900095AD6 /* case_with_applied_modifiers_V2-2.dae */,
				606422CF1C40321300095AD6 /* case_with_applied_modifiers_V2.dae */,
				6010EF3E1C384DA9009C64F6 /* iphone6templateEdited.png */,
				60015EBD1C3D3B2C0095620B /* case_with_applied_modifiers.dae */,
				604E2D661BF281E8004054D5 /* Diffuse Screen.jpg */,
				60ABA2EB1C1C732A00630B83 /* Diffuse Screen 134x80mm.jpg */,
				604579F21C04BB760072D05C /* 1.jpg */,
				604579F41C04DB230072D05C /* 04.jpg */,
				607D01A71BEF614600C4C52B /* iphone-6.jpg */,
				604E2D621BF23A45004054D5 /* dog.jpg */,
			);
			name = iPhoneModels;
			sourceTree = "<group>";
		};
		600C74841C6B935600A35A7A /* AFNetworking */ = {
			isa = PBXGroup;
			children = (
				600C74851C6B935600A35A7A /* AFHTTPSessionManager.h */,
				600C74861C6B935600A35A7A /* AFHTTPSessionManager.m */,
				600C74871C6B935600A35A7A /* AFNetworking.h */,
				600C74881C6B935600A35A7A /* AFNetworkReachabilityManager.h */,
				600C74891C6B935600A35A7A /* AFNetworkReachabilityManager.m */,
				600C748A1C6B935600A35A7A /* AFSecurityPolicy.h */,
				600C748B1C6B935600A35A7A /* AFSecurityPolicy.m */,
				600C748C1C6B935600A35A7A /* AFURLRequestSerialization.h */,
				600C748D1C6B935600A35A7A /* AFURLRequestSerialization.m */,
				600C748E1C6B935600A35A7A /* AFURLResponseSerialization.h */,
				600C748F1C6B935600A35A7A /* AFURLResponseSerialization.m */,
				600C74901C6B935600A35A7A /* AFURLSessionManager.h */,
				600C74911C6B935600A35A7A /* AFURLSessionManager.m */,
			);
			path = AFNetworking;
			sourceTree = "<group>";
		};
		60BB271A1C57ACF4004B3534 /* TextFieldEffects */ = {
			isa = PBXGroup;
			children = (
				60BB271B1C57ACF4004B3534 /* AkiraTextField.swift */,
				60BB271C1C57ACF4004B3534 /* HoshiTextField.swift */,
				60BB271D1C57ACF4004B3534 /* Info.plist */,
				60BB271E1C57ACF4004B3534 /* IsaoTextField.swift */,
				60BB271F1C57ACF4004B3534 /* JiroTextField.swift */,
				60BB27201C57ACF4004B3534 /* KaedeTextField.swift */,
				60BB27211C57ACF4004B3534 /* MadokaTextField.swift */,
				60BB27221C57ACF4004B3534 /* MinoruTextField.swift */,
				60BB27231C57ACF4004B3534 /* TextFieldEffects.h */,
				60BB27241C57ACF4004B3534 /* TextFieldsEffects.swift */,
				60BB27251C57ACF4004B3534 /* YokoTextField.swift */,
				60BB27261C57ACF4004B3534 /* YoshikoTextField.swift */,
			);
			path = TextFieldEffects;
			sourceTree = "<group>";
		};
		60C7B1171C0CAE7400C5489A /* PayPalMobile */ = {
			isa = PBXGroup;
			children = (
				60C7B1181C0CAE7400C5489A /* libPayPalMobile.a */,
				60C7B1191C0CAE7400C5489A /* PayPalConfiguration.h */,
				60C7B11A1C0CAE7400C5489A /* PayPalFuturePaymentViewController.h */,
				60C7B11B1C0CAE7400C5489A /* PayPalMobile.h */,
				60C7B11C1C0CAE7400C5489A /* PayPalOAuthScopes.h */,
				60C7B11D1C0CAE7400C5489A /* PayPalPayment.h */,
				60C7B11E1C0CAE7400C5489A /* PayPalPaymentViewController.h */,
				60C7B11F1C0CAE7400C5489A /* PayPalProfileSharingViewController.h */,
			);
			path = PayPalMobile;
			sourceTree = "<group>";
		};
		60C7B1211C0CAE8F00C5489A /* CardIO */ = {
			isa = PBXGroup;
			children = (
				60C7B1221C0CAE8F00C5489A /* CardIO.h */,
				60C7B1231C0CAE8F00C5489A /* CardIOCreditCardInfo.h */,
				60C7B1241C0CAE8F00C5489A /* CardIODetectionMode.h */,
				60C7B1251C0CAE8F00C5489A /* CardIOPaymentViewController.h */,
				60C7B1261C0CAE8F00C5489A /* CardIOPaymentViewControllerDelegate.h */,
				60C7B1271C0CAE8F00C5489A /* CardIOUtilities.h */,
				60C7B1281C0CAE8F00C5489A /* CardIOView.h */,
				60C7B1291C0CAE8F00C5489A /* CardIOViewDelegate.h */,
				60C7B12A1C0CAE8F00C5489A /* libCardIO.a */,
				60C7B12B1C0CAE8F00C5489A /* libopencv_core.a */,
				60C7B12C1C0CAE8F00C5489A /* libopencv_imgproc.a */,
			);
			name = CardIO;
			path = PayPalMobile/CardIO;
			sourceTree = "<group>";
		};
		60EA6EB31C6B6FAB005FC79E /* SVProgressHUD */ = {
			isa = PBXGroup;
			children = (
				60EA6EB41C6B6FAB005FC79E /* SVIndefiniteAnimatedView.h */,
				60EA6EB51C6B6FAB005FC79E /* SVIndefiniteAnimatedView.m */,
				60EA6EB61C6B6FAB005FC79E /* SVProgressHUD-Prefix.pch */,
				60EA6EB71C6B6FAB005FC79E /* SVProgressHUD.bundle */,
				60EA6EB81C6B6FAB005FC79E /* SVProgressHUD.h */,
				60EA6EB91C6B6FAB005FC79E /* SVProgressHUD.m */,
				60EA6EBA1C6B6FAB005FC79E /* SVRadialGradientLayer.h */,
				60EA6EBB1C6B6FAB005FC79E /* SVRadialGradientLayer.m */,
			);
			path = SVProgressHUD;
			sourceTree = "<group>";
		};
		80EE09B1196A4C4A00B77AB0 = {
			isa = PBXGroup;
			children = (
				80EE09BC196A4C4A00B77AB0 /* PhoneFashionApp */,
				80EE09CF196A4C4A00B77AB0 /* PhoneFashionAppTests */,
				80EE09BB196A4C4A00B77AB0 /* Products */,
				EB6C6F1B5736A8DBB558D8CD /* Frameworks */,
				60EDEEFD1C0DBD8F008AA352 /* PhoneFashionApp-Bridging-Header.h */,
				60EDEF001C0DBFDA008AA352 /* ZZAppDelegate.h */,
				54197036F3BE9A3F1FEDB329 /* Pods */,
			);
			sourceTree = "<group>";
		};
		80EE09BB196A4C4A00B77AB0 /* Products */ = {
			isa = PBXGroup;
			children = (
				80EE09BA196A4C4A00B77AB0 /* PhoneFashionApp.app */,
				80EE09CC196A4C4A00B77AB0 /* PhoneFashionApp.xctest */,
			);
			name = Products;
			sourceTree = "<group>";
		};
		80EE09BC196A4C4A00B77AB0 /* PhoneFashionApp */ = {
			isa = PBXGroup;
			children = (
				600C74841C6B935600A35A7A /* AFNetworking */,
				60EA6EB31C6B6FAB005FC79E /* SVProgressHUD */,
				60BB271A1C57ACF4004B3534 /* TextFieldEffects */,
				60C7B1211C0CAE8F00C5489A /* CardIO */,
				60C7B1171C0CAE7400C5489A /* PayPalMobile */,
				60015EBB1C3D3A660095620B /* iPhoneModels */,
				80EE09BF196A4C4A00B77AB0 /* AppDelegate.swift */,
				80EE09C3196A4C4A00B77AB0 /* Main.storyboard */,
				606F75931C0C6ABA00F3DFA4 /* MainViewController.swift */,
				600B48481BF4E57E00A18134 /* ImageViewController.swift */,
				60DF17701C036DCF0044ADA6 /* EditedImageViewController.swift */,
				80EE09DC196A4C8B00B77AB0 /* CaseModelViewController.swift */,
				60ACA76F1C05B936009291D6 /* ShippingViewController.swift */,
				60A08E1F1D217E7400A5B562 /* UserDetailsViewController.swift */,
				60E408AC1C7B72B300437BD8 /* ShippingSummaryViewController.swift */,
				60DF176E1C03698B0044ADA6 /* UIView+ImageCapture.swift */,
				609A0D891C00E8C2002A18D7 /* UIImage+Scaling.swift */,
				80EE09C6196A4C4A00B77AB0 /* Images.xcassets */,
				80EE09BD196A4C4A00B77AB0 /* Supporting Files */,
			);
			name = PhoneFashionApp;
			path = CarbonVisualizer;
			sourceTree = "<group>";
		};
		80EE09BD196A4C4A00B77AB0 /* Supporting Files */ = {
			isa = PBXGroup;
			children = (
				80EE09BE196A4C4A00B77AB0 /* Info.plist */,
			);
			name = "Supporting Files";
			sourceTree = "<group>";
		};
		80EE09CF196A4C4A00B77AB0 /* PhoneFashionAppTests */ = {
			isa = PBXGroup;
			children = (
				80EE09D2196A4C4A00B77AB0 /* CarbonVisualizerTests.swift */,
				80EE09D0196A4C4A00B77AB0 /* Supporting Files */,
			);
			name = PhoneFashionAppTests;
			path = CarbonVisualizerTests;
			sourceTree = "<group>";
		};
		80EE09D0196A4C4A00B77AB0 /* Supporting Files */ = {
			isa = PBXGroup;
			children = (
				80EE09D1196A4C4A00B77AB0 /* Info.plist */,
			);
			name = "Supporting Files";
			sourceTree = "<group>";
		};
		EB6C6F1B5736A8DBB558D8CD /* Frameworks */ = {
			isa = PBXGroup;
			children = (
				60C7B1401C0CB04200C5489A /* SafariServices.framework */,
				60C7B13E1C0CB03B00C5489A /* SystemConfiguration.framework */,
				60C7B13C1C0CB03200C5489A /* MobileCoreServices.framework */,
				60C7B13A1C0CB02B00C5489A /* MessageUI.framework */,
				60C7B1381C0CB02500C5489A /* CoreMedia.framework */,
				60C7B1361C0CB01E00C5489A /* CoreLocation.framework */,
				60C7B1341C0CB01700C5489A /* AVFoundation.framework */,
				60C7B1321C0CB01100C5489A /* AudioToolbox.framework */,
				60C7B1301C0CB00C00C5489A /* Accelerate.framework */,
				E01879E55F063AB972A7603B /* Pods_CarbonVisualizer.framework */,
				1FA76708A3F2CA9AE29B70E2 /* libPods-PhoneFashionApp.a */,
			);
			name = Frameworks;
			sourceTree = "<group>";
		};
/* End PBXGroup section */

/* Begin PBXNativeTarget section */
		80EE09B9196A4C4A00B77AB0 /* PhoneFashionApp */ = {
			isa = PBXNativeTarget;
			buildConfigurationList = 80EE09D6196A4C4A00B77AB0 /* Build configuration list for PBXNativeTarget "PhoneFashionApp" */;
			buildPhases = (
				80EE09B6196A4C4A00B77AB0 /* Sources */,
				80EE09B7196A4C4A00B77AB0 /* Frameworks */,
				80EE09B8196A4C4A00B77AB0 /* Resources */,
			);
			buildRules = (
			);
			dependencies = (
			);
			name = PhoneFashionApp;
			productName = CarbonVisualizer;
			productReference = 80EE09BA196A4C4A00B77AB0 /* PhoneFashionApp.app */;
			productType = "com.apple.product-type.application";
		};
		80EE09CB196A4C4A00B77AB0 /* PhoneFashionAppTests */ = {
			isa = PBXNativeTarget;
			buildConfigurationList = 80EE09D9196A4C4A00B77AB0 /* Build configuration list for PBXNativeTarget "PhoneFashionAppTests" */;
			buildPhases = (
				80EE09C8196A4C4A00B77AB0 /* Sources */,
				80EE09C9196A4C4A00B77AB0 /* Frameworks */,
				80EE09CA196A4C4A00B77AB0 /* Resources */,
			);
			buildRules = (
			);
			dependencies = (
				80EE09CE196A4C4A00B77AB0 /* PBXTargetDependency */,
			);
			name = PhoneFashionAppTests;
			productName = CarbonVisualizerTests;
			productReference = 80EE09CC196A4C4A00B77AB0 /* PhoneFashionApp.xctest */;
			productType = "com.apple.product-type.bundle.unit-test";
		};
/* End PBXNativeTarget section */

/* Begin PBXProject section */
		80EE09B2196A4C4A00B77AB0 /* Project object */ = {
			isa = PBXProject;
			attributes = {
				LastSwiftUpdateCheck = 0710;
				LastUpgradeCheck = 0710;
				ORGANIZATIONNAME = "";
				TargetAttributes = {
					80EE09B9196A4C4A00B77AB0 = {
						CreatedOnToolsVersion = 6.0;
					};
					80EE09CB196A4C4A00B77AB0 = {
						CreatedOnToolsVersion = 6.0;
						TestTargetID = 80EE09B9196A4C4A00B77AB0;
					};
				};
			};
			buildConfigurationList = 80EE09B5196A4C4A00B77AB0 /* Build configuration list for PBXProject "PhoneFashionApp" */;
			compatibilityVersion = "Xcode 3.2";
			developmentRegion = English;
			hasScannedForEncodings = 0;
			knownRegions = (
				en,
				Base,
			);
			mainGroup = 80EE09B1196A4C4A00B77AB0;
			productRefGroup = 80EE09BB196A4C4A00B77AB0 /* Products */;
			projectDirPath = "";
			projectRoot = "";
			targets = (
				80EE09B9196A4C4A00B77AB0 /* PhoneFashionApp */,
				80EE09CB196A4C4A00B77AB0 /* PhoneFashionAppTests */,
			);
		};
/* End PBXProject section */

/* Begin PBXResourcesBuildPhase section */
		80EE09B8196A4C4A00B77AB0 /* Resources */ = {
			isa = PBXResourcesBuildPhase;
			buildActionMask = 2147483647;
			files = (
				60BB27291C57ACF4004B3534 /* Info.plist in Resources */,
				80EE09C5196A4C4A00B77AB0 /* Main.storyboard in Resources */,
				60EA6EBD1C6B6FAB005FC79E /* SVProgressHUD.bundle in Resources */,
				602931591C465D860046E0DB /* case_with_applied_modifiers_V3-3.dae in Resources */,
				604579F31C04BB760072D05C /* 1.jpg in Resources */,
				606422D31C42A1D900095AD6 /* case_with_applied_modifiers_V2-2.dae in Resources */,
				606422D01C40321300095AD6 /* case_with_applied_modifiers_V2.dae in Resources */,
				604E2D631BF23A45004054D5 /* dog.jpg in Resources */,
				6010EF3F1C384DA9009C64F6 /* iphone6templateEdited.png in Resources */,
				606FEFD91D252B8D0020EFB5 /* iPhone6.dae in Resources */,
				60015EBE1C3D3B2C0095620B /* case_with_applied_modifiers.dae in Resources */,
				607D01A81BEF614600C4C52B /* iphone-6.jpg in Resources */,
				606FEFD71D252AB80020EFB5 /* iPhone6Plus.dae in Resources */,
				604579F51C04DB230072D05C /* 04.jpg in Resources */,
				60ABA2EC1C1C732A00630B83 /* Diffuse Screen 134x80mm.jpg in Resources */,
				80EE09C7196A4C4A00B77AB0 /* Images.xcassets in Resources */,
				604E2D671BF281E8004054D5 /* Diffuse Screen.jpg in Resources */,
			);
			runOnlyForDeploymentPostprocessing = 0;
		};
		80EE09CA196A4C4A00B77AB0 /* Resources */ = {
			isa = PBXResourcesBuildPhase;
			buildActionMask = 2147483647;
			files = (
			);
			runOnlyForDeploymentPostprocessing = 0;
		};
/* End PBXResourcesBuildPhase section */

/* Begin PBXSourcesBuildPhase section */
		80EE09B6196A4C4A00B77AB0 /* Sources */ = {
			isa = PBXSourcesBuildPhase;
			buildActionMask = 2147483647;
			files = (
				60DF17711C036DCF0044ADA6 /* EditedImageViewController.swift in Sources */,
				60ACA7701C05B936009291D6 /* ShippingViewController.swift in Sources */,
				60EA6EBC1C6B6FAB005FC79E /* SVIndefiniteAnimatedView.m in Sources */,
				60BB272E1C57ACF4004B3534 /* MinoruTextField.swift in Sources */,
				600C74941C6B935600A35A7A /* AFSecurityPolicy.m in Sources */,
				60DF176F1C03698B0044ADA6 /* UIView+ImageCapture.swift in Sources */,
				600C74921C6B935600A35A7A /* AFHTTPSessionManager.m in Sources */,
				60BB272A1C57ACF4004B3534 /* IsaoTextField.swift in Sources */,
				60BB272D1C57ACF4004B3534 /* MadokaTextField.swift in Sources */,
				60EA6EBF1C6B6FAB005FC79E /* SVRadialGradientLayer.m in Sources */,
				609A0D8A1C00E8C2002A18D7 /* UIImage+Scaling.swift in Sources */,
				60A08E201D217E7400A5B562 /* UserDetailsViewController.swift in Sources */,
				80EE09DD196A4C8B00B77AB0 /* CaseModelViewController.swift in Sources */,
				600B48491BF4E57E00A18134 /* ImageViewController.swift in Sources */,
				60E408AD1C7B72B300437BD8 /* ShippingSummaryViewController.swift in Sources */,
				60BB272C1C57ACF4004B3534 /* KaedeTextField.swift in Sources */,
				60BB27311C57ACF4004B3534 /* YoshikoTextField.swift in Sources */,
				60BB27271C57ACF4004B3534 /* AkiraTextField.swift in Sources */,
				80EE09C0196A4C4A00B77AB0 /* AppDelegate.swift in Sources */,
				600C74951C6B935600A35A7A /* AFURLRequestSerialization.m in Sources */,
				600C74971C6B935600A35A7A /* AFURLSessionManager.m in Sources */,
				600C74961C6B935600A35A7A /* AFURLResponseSerialization.m in Sources */,
				600C74931C6B935600A35A7A /* AFNetworkReachabilityManager.m in Sources */,
				606F75941C0C6ABA00F3DFA4 /* MainViewController.swift in Sources */,
				60BB27281C57ACF4004B3534 /* HoshiTextField.swift in Sources */,
				60BB27301C57ACF4004B3534 /* YokoTextField.swift in Sources */,
				60EA6EBE1C6B6FAB005FC79E /* SVProgressHUD.m in Sources */,
				60BB272F1C57ACF4004B3534 /* TextFieldsEffects.swift in Sources */,
				60BB272B1C57ACF4004B3534 /* JiroTextField.swift in Sources */,
			);
			runOnlyForDeploymentPostprocessing = 0;
		};
		80EE09C8196A4C4A00B77AB0 /* Sources */ = {
			isa = PBXSourcesBuildPhase;
			buildActionMask = 2147483647;
			files = (
				80EE09D3196A4C4A00B77AB0 /* CarbonVisualizerTests.swift in Sources */,
			);
			runOnlyForDeploymentPostprocessing = 0;
		};
/* End PBXSourcesBuildPhase section */

/* Begin PBXTargetDependency section */
		80EE09CE196A4C4A00B77AB0 /* PBXTargetDependency */ = {
			isa = PBXTargetDependency;
			target = 80EE09B9196A4C4A00B77AB0 /* PhoneFashionApp */;
			targetProxy = 80EE09CD196A4C4A00B77AB0 /* PBXContainerItemProxy */;
		};
/* End PBXTargetDependency section */

/* Begin PBXVariantGroup section */
		80EE09C3196A4C4A00B77AB0 /* Main.storyboard */ = {
			isa = PBXVariantGroup;
			children = (
				80EE09C4196A4C4A00B77AB0 /* Base */,
			);
			name = Main.storyboard;
			sourceTree = "<group>";
		};
/* End PBXVariantGroup section */

/* Begin XCBuildConfiguration section */
		80EE09D4196A4C4A00B77AB0 /* Debug */ = {
			isa = XCBuildConfiguration;
			buildSettings = {
				ALWAYS_SEARCH_USER_PATHS = NO;
				CLANG_CXX_LANGUAGE_STANDARD = "gnu++0x";
				CLANG_CXX_LIBRARY = "libc++";
				CLANG_ENABLE_MODULES = YES;
				CLANG_ENABLE_OBJC_ARC = YES;
				CLANG_WARN_BOOL_CONVERSION = YES;
				CLANG_WARN_CONSTANT_CONVERSION = YES;
				CLANG_WARN_DIRECT_OBJC_ISA_USAGE = YES_ERROR;
				CLANG_WARN_EMPTY_BODY = YES;
				CLANG_WARN_ENUM_CONVERSION = YES;
				CLANG_WARN_INT_CONVERSION = YES;
				CLANG_WARN_OBJC_ROOT_CLASS = YES_ERROR;
				CLANG_WARN_UNREACHABLE_CODE = YES;
				CLANG_WARN__DUPLICATE_METHOD_MATCH = YES;
				"CODE_SIGN_IDENTITY[sdk=iphoneos*]" = "iPhone Developer";
				COPY_PHASE_STRIP = NO;
				ENABLE_STRICT_OBJC_MSGSEND = YES;
				ENABLE_TESTABILITY = YES;
				GCC_C_LANGUAGE_STANDARD = gnu99;
				GCC_DYNAMIC_NO_PIC = NO;
				GCC_OPTIMIZATION_LEVEL = 0;
				GCC_PREPROCESSOR_DEFINITIONS = (
					"DEBUG=1",
					"$(inherited)",
				);
				GCC_SYMBOLS_PRIVATE_EXTERN = NO;
				GCC_WARN_64_TO_32_BIT_CONVERSION = YES;
				GCC_WARN_ABOUT_RETURN_TYPE = YES_ERROR;
				GCC_WARN_UNDECLARED_SELECTOR = YES;
				GCC_WARN_UNINITIALIZED_AUTOS = YES_AGGRESSIVE;
				GCC_WARN_UNUSED_FUNCTION = YES;
				GCC_WARN_UNUSED_VARIABLE = YES;
				IPHONEOS_DEPLOYMENT_TARGET = 8.0;
				METAL_ENABLE_DEBUG_INFO = YES;
				ONLY_ACTIVE_ARCH = YES;
				SDKROOT = iphoneos;
				SWIFT_OPTIMIZATION_LEVEL = "-Onone";
				TARGETED_DEVICE_FAMILY = "1,2";
			};
			name = Debug;
		};
		80EE09D5196A4C4A00B77AB0 /* Release */ = {
			isa = XCBuildConfiguration;
			buildSettings = {
				ALWAYS_SEARCH_USER_PATHS = NO;
				CLANG_CXX_LANGUAGE_STANDARD = "gnu++0x";
				CLANG_CXX_LIBRARY = "libc++";
				CLANG_ENABLE_MODULES = YES;
				CLANG_ENABLE_OBJC_ARC = YES;
				CLANG_WARN_BOOL_CONVERSION = YES;
				CLANG_WARN_CONSTANT_CONVERSION = YES;
				CLANG_WARN_DIRECT_OBJC_ISA_USAGE = YES_ERROR;
				CLANG_WARN_EMPTY_BODY = YES;
				CLANG_WARN_ENUM_CONVERSION = YES;
				CLANG_WARN_INT_CONVERSION = YES;
				CLANG_WARN_OBJC_ROOT_CLASS = YES_ERROR;
				CLANG_WARN_UNREACHABLE_CODE = YES;
				CLANG_WARN__DUPLICATE_METHOD_MATCH = YES;
				"CODE_SIGN_IDENTITY[sdk=iphoneos*]" = "iPhone Developer";
				COPY_PHASE_STRIP = YES;
				ENABLE_NS_ASSERTIONS = NO;
				ENABLE_STRICT_OBJC_MSGSEND = YES;
				GCC_C_LANGUAGE_STANDARD = gnu99;
				GCC_WARN_64_TO_32_BIT_CONVERSION = YES;
				GCC_WARN_ABOUT_RETURN_TYPE = YES_ERROR;
				GCC_WARN_UNDECLARED_SELECTOR = YES;
				GCC_WARN_UNINITIALIZED_AUTOS = YES_AGGRESSIVE;
				GCC_WARN_UNUSED_FUNCTION = YES;
				GCC_WARN_UNUSED_VARIABLE = YES;
				IPHONEOS_DEPLOYMENT_TARGET = 8.0;
				METAL_ENABLE_DEBUG_INFO = NO;
				SDKROOT = iphoneos;
				TARGETED_DEVICE_FAMILY = "1,2";
				VALIDATE_PRODUCT = YES;
			};
			name = Release;
		};
		80EE09D7196A4C4A00B77AB0 /* Debug */ = {
			isa = XCBuildConfiguration;
			buildSettings = {
				ASSETCATALOG_COMPILER_APPICON_NAME = AppIcon;
				ASSETCATALOG_COMPILER_LAUNCHIMAGE_NAME = LaunchImage;
				CLANG_ENABLE_MODULES = YES;
				INFOPLIST_FILE = CarbonVisualizer/Info.plist;
				IPHONEOS_DEPLOYMENT_TARGET = 9.0;
				LD_RUNPATH_SEARCH_PATHS = "$(inherited) @executable_path/Frameworks";
				LIBRARY_SEARCH_PATHS = (
					"$(inherited)",
					"$(PROJECT_DIR)/CarbonVisualizer/PayPalMobile",
					"$(PROJECT_DIR)/CarbonVisualizer/PayPalMobile/CardIO",
				);
				ONLY_ACTIVE_ARCH = NO;
				OTHER_LDFLAGS = (
					"-lc++",
					"-ObjC",
				);
				PRODUCT_BUNDLE_IDENTIFIER = "com.raywenderlich.${PRODUCT_NAME:rfc1034identifier}";
				PRODUCT_NAME = PhoneFashionApp;
				SWIFT_OBJC_BRIDGING_HEADER = "PhoneFashionApp-Bridging-Header.h";
				SWIFT_OPTIMIZATION_LEVEL = "-Onone";
			};
			name = Debug;
		};
		80EE09D8196A4C4A00B77AB0 /* Release */ = {
			isa = XCBuildConfiguration;
			buildSettings = {
				ASSETCATALOG_COMPILER_APPICON_NAME = AppIcon;
				ASSETCATALOG_COMPILER_LAUNCHIMAGE_NAME = LaunchImage;
				CLANG_ENABLE_MODULES = YES;
				INFOPLIST_FILE = CarbonVisualizer/Info.plist;
				IPHONEOS_DEPLOYMENT_TARGET = 9.0;
				LD_RUNPATH_SEARCH_PATHS = "$(inherited) @executable_path/Frameworks";
				LIBRARY_SEARCH_PATHS = (
					"$(inherited)",
					"$(PROJECT_DIR)/CarbonVisualizer/PayPalMobile",
					"$(PROJECT_DIR)/CarbonVisualizer/PayPalMobile/CardIO",
				);
				ONLY_ACTIVE_ARCH = NO;
				OTHER_LDFLAGS = (
					"-lc++",
					"-ObjC",
				);
				PRODUCT_BUNDLE_IDENTIFIER = "com.raywenderlich.${PRODUCT_NAME:rfc1034identifier}";
				PRODUCT_NAME = PhoneFashionApp;
				SWIFT_OBJC_BRIDGING_HEADER = "PhoneFashionApp-Bridging-Header.h";
			};
			name = Release;
		};
		80EE09DA196A4C4A00B77AB0 /* Debug */ = {
			isa = XCBuildConfiguration;
			buildSettings = {
				BUNDLE_LOADER = "$(BUILT_PRODUCTS_DIR)/CarbonVisualizer.app/CarbonVisualizer";
				FRAMEWORK_SEARCH_PATHS = (
					"$(SDKROOT)/Developer/Library/Frameworks",
					"$(inherited)",
				);
				GCC_PREPROCESSOR_DEFINITIONS = (
					"DEBUG=1",
					"$(inherited)",
				);
				INFOPLIST_FILE = CarbonVisualizerTests/Info.plist;
				LD_RUNPATH_SEARCH_PATHS = "$(inherited) @executable_path/Frameworks @loader_path/Frameworks";
				METAL_ENABLE_DEBUG_INFO = YES;
				PRODUCT_BUNDLE_IDENTIFIER = "com.raywenderlich.${PRODUCT_NAME:rfc1034identifier}";
				PRODUCT_NAME = PhoneFashionApp;
				TEST_HOST = "$(BUNDLE_LOADER)";
			};
			name = Debug;
		};
		80EE09DB196A4C4A00B77AB0 /* Release */ = {
			isa = XCBuildConfiguration;
			buildSettings = {
				BUNDLE_LOADER = "$(BUILT_PRODUCTS_DIR)/CarbonVisualizer.app/CarbonVisualizer";
				FRAMEWORK_SEARCH_PATHS = (
					"$(SDKROOT)/Developer/Library/Frameworks",
					"$(inherited)",
				);
				INFOPLIST_FILE = CarbonVisualizerTests/Info.plist;
				LD_RUNPATH_SEARCH_PATHS = "$(inherited) @executable_path/Frameworks @loader_path/Frameworks";
				METAL_ENABLE_DEBUG_INFO = NO;
				PRODUCT_BUNDLE_IDENTIFIER = "com.raywenderlich.${PRODUCT_NAME:rfc1034identifier}";
				PRODUCT_NAME = PhoneFashionApp;
				TEST_HOST = "$(BUNDLE_LOADER)";
			};
			name = Release;
		};
/* End XCBuildConfiguration section */

/* Begin XCConfigurationList section */
		80EE09B5196A4C4A00B77AB0 /* Build configuration list for PBXProject "PhoneFashionApp" */ = {
			isa = XCConfigurationList;
			buildConfigurations = (
				80EE09D4196A4C4A00B77AB0 /* Debug */,
				80EE09D5196A4C4A00B77AB0 /* Release */,
			);
			defaultConfigurationIsVisible = 0;
			defaultConfigurationName = Release;
		};
		80EE09D6196A4C4A00B77AB0 /* Build configuration list for PBXNativeTarget "PhoneFashionApp" */ = {
			isa = XCConfigurationList;
			buildConfigurations = (
				80EE09D7196A4C4A00B77AB0 /* Debug */,
				80EE09D8196A4C4A00B77AB0 /* Release */,
			);
			defaultConfigurationIsVisible = 0;
			defaultConfigurationName = Release;
		};
		80EE09D9196A4C4A00B77AB0 /* Build configuration list for PBXNativeTarget "PhoneFashionAppTests" */ = {
			isa = XCConfigurationList;
			buildConfigurations = (
				80EE09DA196A4C4A00B77AB0 /* Debug */,
				80EE09DB196A4C4A00B77AB0 /* Release */,
			);
			defaultConfigurationIsVisible = 0;
			defaultConfigurationName = Release;
		};
/* End XCConfigurationList section */
	};
	rootObject = 80EE09B2196A4C4A00B77AB0 /* Project object */;
}
